
Microsoft Visual Studio Solution File, Format Version 12.00
# Visual Studio Version 16
VisualStudioVersion = 16.0.30907.101
MinimumVisualStudioVersion = 10.0.40219.1
Project("{9A19103F-16F7-4668-BE54-9A1E7A4F7556}") = "Conditionals Review", "ConsoleApp1\Conditionals Review.csproj", "{58542D28-079F-42BE-9575-B2AC0262AE28}"
EndProject
Project("{9A19103F-16F7-4668-BE54-9A1E7A4F7556}") = "Loops Part 1", "Loops\Loops Part 1.csproj", "{F9716D32-5ADF-476B-A973-99782097F9E7}"
EndProject
Project("{9A19103F-16F7-4668-BE54-9A1E7A4F7556}") = "Loops Part 2", "Loops Part 2\Loops Part 2.csproj", "{A2E92A64-927E-4681-8D95-35FF10D157FF}"
EndProject
Project("{FAE04EC0-301F-11D3-BF4B-00C04F79EFBC}") = "Methods", "Methods\Methods.csproj", "{4CE31080-0DAE-42A5-9487-81F33FF4FF4E}"
EndProject
Project("{FAE04EC0-301F-11D3-BF4B-00C04F79EFBC}") = "Arrays1", "Arrays1\Arrays1.csproj", "{1BE7503E-6983-4A18-9F45-9321AC79987B}"
EndProject
Project("{FAE04EC0-301F-11D3-BF4B-00C04F79EFBC}") = "Arrays2", "Arrays2\Arrays2.csproj", "{52B160D9-A520-4863-ADCA-419510154C0C}"
EndProject
Project("{FAE04EC0-301F-11D3-BF4B-00C04F79EFBC}") = "Lists", "Lists\Lists.csproj", "{E09E37D3-0FCB-4DB1-B32E-CCD1F9E07B38}"
EndProject
Project("{FAE04EC0-301F-11D3-BF4B-00C04F79EFBC}") = "Dictionaries", "Dictionaries\Dictionaries.csproj", "{97BCDD55-D0AC-4CAF-8F7C-880713CC3E03}"
EndProject
Global
	GlobalSection(SolutionConfigurationPlatforms) = preSolution
		Debug|Any CPU = Debug|Any CPU
		Release|Any CPU = Release|Any CPU
	EndGlobalSection
	GlobalSection(ProjectConfigurationPlatforms) = postSolution
		{58542D28-079F-42BE-9575-B2AC0262AE28}.Debug|Any CPU.ActiveCfg = Debug|Any CPU
		{58542D28-079F-42BE-9575-B2AC0262AE28}.Debug|Any CPU.Build.0 = Debug|Any CPU
		{58542D28-079F-42BE-9575-B2AC0262AE28}.Release|Any CPU.ActiveCfg = Release|Any CPU
		{58542D28-079F-42BE-9575-B2AC0262AE28}.Release|Any CPU.Build.0 = Release|Any CPU
		{F9716D32-5ADF-476B-A973-99782097F9E7}.Debug|Any CPU.ActiveCfg = Debug|Any CPU
		{F9716D32-5ADF-476B-A973-99782097F9E7}.Debug|Any CPU.Build.0 = Debug|Any CPU
		{F9716D32-5ADF-476B-A973-99782097F9E7}.Release|Any CPU.ActiveCfg = Release|Any CPU
		{F9716D32-5ADF-476B-A973-99782097F9E7}.Release|Any CPU.Build.0 = Release|Any CPU
		{A2E92A64-927E-4681-8D95-35FF10D157FF}.Debug|Any CPU.ActiveCfg = Debug|Any CPU
		{A2E92A64-927E-4681-8D95-35FF10D157FF}.Debug|Any CPU.Build.0 = Debug|Any CPU
		{A2E92A64-927E-4681-8D95-35FF10D157FF}.Release|Any CPU.ActiveCfg = Release|Any CPU
		{A2E92A64-927E-4681-8D95-35FF10D157FF}.Release|Any CPU.Build.0 = Release|Any CPU
		{4CE31080-0DAE-42A5-9487-81F33FF4FF4E}.Debug|Any CPU.ActiveCfg = Debug|Any CPU
		{4CE31080-0DAE-42A5-9487-81F33FF4FF4E}.Debug|Any CPU.Build.0 = Debug|Any CPU
		{4CE31080-0DAE-42A5-9487-81F33FF4FF4E}.Release|Any CPU.ActiveCfg = Release|Any CPU
		{4CE31080-0DAE-42A5-9487-81F33FF4FF4E}.Release|Any CPU.Build.0 = Release|Any CPU
		{1BE7503E-6983-4A18-9F45-9321AC79987B}.Debug|Any CPU.ActiveCfg = Debug|Any CPU
		{1BE7503E-6983-4A18-9F45-9321AC79987B}.Debug|Any CPU.Build.0 = Debug|Any CPU
		{1BE7503E-6983-4A18-9F45-9321AC79987B}.Release|Any CPU.ActiveCfg = Release|Any CPU
		{1BE7503E-6983-4A18-9F45-9321AC79987B}.Release|Any CPU.Build.0 = Release|Any CPU
		{52B160D9-A520-4863-ADCA-419510154C0C}.Debug|Any CPU.ActiveCfg = Debug|Any CPU
		{52B160D9-A520-4863-ADCA-419510154C0C}.Debug|Any CPU.Build.0 = Debug|Any CPU
		{52B160D9-A520-4863-ADCA-419510154C0C}.Release|Any CPU.ActiveCfg = Release|Any CPU
		{52B160D9-A520-4863-ADCA-419510154C0C}.Release|Any CPU.Build.0 = Release|Any CPU
		{E09E37D3-0FCB-4DB1-B32E-CCD1F9E07B38}.Debug|Any CPU.ActiveCfg = Debug|Any CPU
		{E09E37D3-0FCB-4DB1-B32E-CCD1F9E07B38}.Debug|Any CPU.Build.0 = Debug|Any CPU
		{E09E37D3-0FCB-4DB1-B32E-CCD1F9E07B38}.Release|Any CPU.ActiveCfg = Release|Any CPU
		{E09E37D3-0FCB-4DB1-B32E-CCD1F9E07B38}.Release|Any CPU.Build.0 = Release|Any CPU
		{97BCDD55-D0AC-4CAF-8F7C-880713CC3E03}.Debug|Any CPU.ActiveCfg = Debug|Any CPU
		{97BCDD55-D0AC-4CAF-8F7C-880713CC3E03}.Debug|Any CPU.Build.0 = Debug|Any CPU
		{97BCDD55-D0AC-4CAF-8F7C-880713CC3E03}.Release|Any CPU.ActiveCfg = Release|Any CPU
		{97BCDD55-D0AC-4CAF-8F7C-880713CC3E03}.Release|Any CPU.Build.0 = Release|Any CPU
	EndGlobalSection
	GlobalSection(SolutionProperties) = preSolution
		HideSolutionNode = FALSE
	EndGlobalSection
	GlobalSection(ExtensibilityGlobals) = postSolution
		SolutionGuid = {A51F8CB2-C807-4E5F-B3DA-190E16CC8E2F}
	EndGlobalSection
EndGlobal
