
Microsoft Visual Studio Solution File, Format Version 12.00
# Visual Studio Version 16
VisualStudioVersion = 16.0.30907.101
MinimumVisualStudioVersion = 10.0.40219.1
Project("{FAE04EC0-301F-11D3-BF4B-00C04F79EFBC}") = "Conditionals Review", "ConsoleApp1\Conditionals Review.csproj", "{58542D28-079F-42BE-9575-B2AC0262AE28}"
EndProject
Project("{FAE04EC0-301F-11D3-BF4B-00C04F79EFBC}") = "Loops Part 1", "Loops\Loops Part 1.csproj", "{F9716D32-5ADF-476B-A973-99782097F9E7}"
EndProject
Global
	GlobalSection(SolutionConfigurationPlatforms) = preSolution
		Debug|Any CPU = Debug|Any CPU
		Release|Any CPU = Release|Any CPU
	EndGlobalSection
	GlobalSection(ProjectConfigurationPlatforms) = postSolution
		{58542D28-079F-42BE-9575-B2AC0262AE28}.Debug|Any CPU.ActiveCfg = Debug|Any CPU
		{58542D28-079F-42BE-9575-B2AC0262AE28}.Debug|Any CPU.Build.0 = Debug|Any CPU
		{58542D28-079F-42BE-9575-B2AC0262AE28}.Release|Any CPU.ActiveCfg = Release|Any CPU
		{58542D28-079F-42BE-9575-B2AC0262AE28}.Release|Any CPU.Build.0 = Release|Any CPU
		{F9716D32-5ADF-476B-A973-99782097F9E7}.Debug|Any CPU.ActiveCfg = Debug|Any CPU
		{F9716D32-5ADF-476B-A973-99782097F9E7}.Debug|Any CPU.Build.0 = Debug|Any CPU
		{F9716D32-5ADF-476B-A973-99782097F9E7}.Release|Any CPU.ActiveCfg = Release|Any CPU
		{F9716D32-5ADF-476B-A973-99782097F9E7}.Release|Any CPU.Build.0 = Release|Any CPU
	EndGlobalSection
	GlobalSection(SolutionProperties) = preSolution
		HideSolutionNode = FALSE
	EndGlobalSection
	GlobalSection(ExtensibilityGlobals) = postSolution
		SolutionGuid = {A51F8CB2-C807-4E5F-B3DA-190E16CC8E2F}
	EndGlobalSection
EndGlobal
